
Microsoft Visual Studio Solution File, Format Version 12.00
# Visual Studio Version 16
VisualStudioVersion = 16.0.31321.278
MinimumVisualStudioVersion = 10.0.40219.1
Project("{9A19103F-16F7-4668-BE54-9A1E7A4F7556}") = "Projeto", "Projeto\Projeto.csproj", "{8D7973D6-F951-4ED4-8A16-BC56E5C50A32}"
EndProject
Global
	GlobalSection(SolutionConfigurationPlatforms) = preSolution
		Debug|Any CPU = Debug|Any CPU
		Release|Any CPU = Release|Any CPU
	EndGlobalSection
	GlobalSection(ProjectConfigurationPlatforms) = postSolution
		{8D7973D6-F951-4ED4-8A16-BC56E5C50A32}.Debug|Any CPU.ActiveCfg = Debug|Any CPU
		{8D7973D6-F951-4ED4-8A16-BC56E5C50A32}.Debug|Any CPU.Build.0 = Debug|Any CPU
		{8D7973D6-F951-4ED4-8A16-BC56E5C50A32}.Release|Any CPU.ActiveCfg = Release|Any CPU
		{8D7973D6-F951-4ED4-8A16-BC56E5C50A32}.Release|Any CPU.Build.0 = Release|Any CPU
	EndGlobalSection
	GlobalSection(SolutionProperties) = preSolution
		HideSolutionNode = FALSE
	EndGlobalSection
	GlobalSection(ExtensibilityGlobals) = postSolution
		SolutionGuid = {0EA8D41D-D2F7-4D1A-873F-84BED589A571}
	EndGlobalSection
EndGlobal
